
Microsoft Visual Studio Solution File, Format Version 12.00
# Visual Studio Version 17
VisualStudioVersion = 17.14.36603.0
MinimumVisualStudioVersion = 10.0.40219.1
Project("{FAE04EC0-301F-11D3-BF4B-00C04F79EFBC}") = "Dominio", "Dominio\Dominio.csproj", "{35D34534-4B11-4297-B1C7-55A2319A816B}"
EndProject
Project("{FAE04EC0-301F-11D3-BF4B-00C04F79EFBC}") = "Negocio", "Negocio\Negocio.csproj", "{84C2668F-707E-4635-8968-327E34DBED07}"
EndProject
Project("{FAE04EC0-301F-11D3-BF4B-00C04F79EFBC}") = "Presentacion", "Presentacion\Presentacion.csproj", "{48A28298-1C62-42CC-A10B-2AA56BA6FF6E}"
EndProject
Global
	GlobalSection(SolutionConfigurationPlatforms) = preSolution
		Debug|Any CPU = Debug|Any CPU
		Release|Any CPU = Release|Any CPU
	EndGlobalSection
	GlobalSection(ProjectConfigurationPlatforms) = postSolution
		{35D34534-4B11-4297-B1C7-55A2319A816B}.Debug|Any CPU.ActiveCfg = Debug|Any CPU
		{35D34534-4B11-4297-B1C7-55A2319A816B}.Debug|Any CPU.Build.0 = Debug|Any CPU
		{35D34534-4B11-4297-B1C7-55A2319A816B}.Release|Any CPU.ActiveCfg = Release|Any CPU
		{35D34534-4B11-4297-B1C7-55A2319A816B}.Release|Any CPU.Build.0 = Release|Any CPU
		{84C2668F-707E-4635-8968-327E34DBED07}.Debug|Any CPU.ActiveCfg = Debug|Any CPU
		{84C2668F-707E-4635-8968-327E34DBED07}.Debug|Any CPU.Build.0 = Debug|Any CPU
		{84C2668F-707E-4635-8968-327E34DBED07}.Release|Any CPU.ActiveCfg = Release|Any CPU
		{84C2668F-707E-4635-8968-327E34DBED07}.Release|Any CPU.Build.0 = Release|Any CPU
		{48A28298-1C62-42CC-A10B-2AA56BA6FF6E}.Debug|Any CPU.ActiveCfg = Debug|Any CPU
		{48A28298-1C62-42CC-A10B-2AA56BA6FF6E}.Debug|Any CPU.Build.0 = Debug|Any CPU
		{48A28298-1C62-42CC-A10B-2AA56BA6FF6E}.Release|Any CPU.ActiveCfg = Release|Any CPU
		{48A28298-1C62-42CC-A10B-2AA56BA6FF6E}.Release|Any CPU.Build.0 = Release|Any CPU
	EndGlobalSection
	GlobalSection(SolutionProperties) = preSolution
		HideSolutionNode = FALSE
	EndGlobalSection
	GlobalSection(ExtensibilityGlobals) = postSolution
		SolutionGuid = {BCBEF7AD-147A-4401-BE45-AED41EE8BF29}
	EndGlobalSection
EndGlobal
